{
  "name": "pjnut",
  "version": "1.0.0",
  "lockfileVersion": 1,
  "requires": true,
  "dependencies": {
    "angular": {
      "version": "1.8.2",
      "resolved": "https://registry.npmjs.org/angular/-/angular-1.8.2.tgz",
      "integrity": "sha512-IauMOej2xEe7/7Ennahkbb5qd/HFADiNuLSESz9Q27inmi32zB0lnAsFeLEWcox3Gd1F6YhNd1CP7/9IukJ0Gw=="
    },
    "angular-animate": {
      "version": "1.8.2",
      "resolved": "https://registry.npmjs.org/angular-animate/-/angular-animate-1.8.2.tgz",
      "integrity": "sha512-Jbr9+grNMs9Kj57xuBU3Ju3NOPAjS1+g2UAwwDv7su1lt0/PLDy+9zEwDiu8C8xJceoTbmBNKiWGPJGBdCQLlA=="
    },
    "angular-aria": {
      "version": "1.8.2",
      "resolved": "https://registry.npmjs.org/angular-aria/-/angular-aria-1.8.2.tgz",
      "integrity": "sha512-xWT1Lm+Xug2GM6nGNMioBP4hXt3sj2eGaExa4cVCZUYSVWezgyuD1RiLgzJzwTkBGYplHQUzQaz3yDY8jVI6yQ=="
    },
    "angular-cookies": {
      "version": "1.8.2",
      "resolved": "https://registry.npmjs.org/angular-cookies/-/angular-cookies-1.8.2.tgz",
      "integrity": "sha512-M6fCnsnw1pj1+nXuO28ilJ+h6pFCIXQKSEgy9/PIoN0sZr5FqsE9BK18PdBQa8dif+fnHCAYpPU8MgDzT/sZSg=="
    },
    "angular-loader": {
      "version": "1.8.2",
      "resolved": "https://registry.npmjs.org/angular-loader/-/angular-loader-1.8.2.tgz",
      "integrity": "sha512-UyaVnPSGwZO4cG7zGYXnqHQ5emTDbl7TKAUA5+CDRS/c3d9pxtpHUlZH+jHvhgJAQyIkky4115L/R6bXJsf+EQ=="
    },
    "angular-material": {
      "version": "1.2.1",
      "resolved": "https://registry.npmjs.org/angular-material/-/angular-material-1.2.1.tgz",
      "integrity": "sha512-YEf+ah9Ja23Def06W2os3CFvvc6+IShIXJWEuo1kRsx+nnU58/5vlLO84jnVj0I7mwRexjpkMmyYBDKM7anb/g=="
    },
    "angular-messages": {
      "version": "1.8.2",
      "resolved": "https://registry.npmjs.org/angular-messages/-/angular-messages-1.8.2.tgz",
      "integrity": "sha512-M1qNh/30cLJi4yJJ+3YB8saPonRcavz5Dquqz0T/aUySKJhIkUoeCkmF+BcLH4SJ5PBp04yy4CZUUeNRVi7jZA=="
    },
    "angular-route": {
      "version": "1.8.2",
      "resolved": "https://registry.npmjs.org/angular-route/-/angular-route-1.8.2.tgz",
      "integrity": "sha512-49LJYxuaQ/ZDiu9dD2xo1LkazqObkGjw0a7dUF7UKCT8EELgBsMd6QrI6aEVGtI62ppkiFkxqmiV8fcwYdXpug=="
    },
    "angular-sanitize": {
      "version": "1.8.2",
      "resolved": "https://registry.npmjs.org/angular-sanitize/-/angular-sanitize-1.8.2.tgz",
      "integrity": "sha512-OB6Goa+QN3byf5asQ7XRl7DKZejm/F/ZOqa9z1skqYVOWA2hoBxoCmt9E7+i7T/TbxZP5zYzKxNZVVJNu860Hg=="
    },
    "bootstrap": {
      "version": "4.5.3",
      "resolved": "https://registry.npmjs.org/bootstrap/-/bootstrap-4.5.3.tgz",
      "integrity": "sha512-o9ppKQioXGqhw8Z7mah6KdTYpNQY//tipnkxppWhPbiSWdD+1raYsnhwEZjkTHYbGee4cVQ0Rx65EhOY/HNLcQ=="
    },
    "jquery": {
      "version": "3.5.1",
      "resolved": "https://registry.npmjs.org/jquery/-/jquery-3.5.1.tgz",
      "integrity": "sha512-XwIBPqcMn57FxfT+Go5pzySnm4KWkT1Tv7gjrpT1srtf8Weynl6R273VJ5GjkRb51IzMp5nbaPjJXMWeju2MKg=="
    },
    "popper.js": {
      "version": "1.16.1",
      "resolved": "https://registry.npmjs.org/popper.js/-/popper.js-1.16.1.tgz",
      "integrity": "sha512-Wb4p1J4zyFTbM+u6WuO4XstYx4Ky9Cewe4DWrel7B0w6VVICvPwdOpotjzcf6eD8TsckVnIMNONQyPIUFOUbCQ=="
    }
  }
}
